# This file is automatically @generated by Cargo.
# It is not intended for manual editing.
version = 4

[[package]]
name = "bleradar-compat"
version = "0.5.0"
dependencies = [
 "bleradar-core",
]

[[package]]
name = "bleradar-core"
version = "0.6.4"

[[package]]
name = "bleradar-jni"
version = "0.1.0"
dependencies = [
 "bleradar-core",
]
